// !$*UTF8*$!
{
	archiveVersion = 1;
	classes = {
	};
	objectVersion = 46;
	objects = {

/* Begin PBXBuildFile section */
		42ABE92B1E5B72E300310E0A /* AppDelegate.swift in Sources */ = {isa = PBXBuildFile; fileRef = 42ABE92A1E5B72E300310E0A /* AppDelegate.swift */; };
		42ABE92D1E5B72E300310E0A /* ViewController.swift in Sources */ = {isa = PBXBuildFile; fileRef = 42ABE92C1E5B72E300310E0A /* ViewController.swift */; };
		42ABE9301E5B72E300310E0A /* Main.storyboard in Resources */ = {isa = PBXBuildFile; fileRef = 42ABE92E1E5B72E300310E0A /* Main.storyboard */; };
		42ABE9321E5B72E300310E0A /* Assets.xcassets in Resources */ = {isa = PBXBuildFile; fileRef = 42ABE9311E5B72E300310E0A /* Assets.xcassets */; };
		42ABE9351E5B72E300310E0A /* LaunchScreen.storyboard in Resources */ = {isa = PBXBuildFile; fileRef = 42ABE9331E5B72E300310E0A /* LaunchScreen.storyboard */; };
/* End PBXBuildFile section */

/* Begin PBXFileReference section */
		42ABE9271E5B72E300310E0A /* SnapHomeAnimation.app */ = {isa = PBXFileReference; explicitFileType = wrapper.application; includeInIndex = 0; path = SnapHomeAnimation.app; sourceTree = BUILT_PRODUCTS_DIR; };
		42ABE92A1E5B72E300310E0A /* AppDelegate.swift */ = {isa = PBXFileReference; lastKnownFileType = sourcecode.swift; path = AppDelegate.swift; sourceTree = "<group>"; };
		42ABE92C1E5B72E300310E0A /* ViewController.swift */ = {isa = PBXFileReference; lastKnownFileType = sourcecode.swift; path = ViewController.swift; sourceTree = "<group>"; };
		42ABE92F1E5B72E300310E0A /* Base */ = {isa = PBXFileReference; lastKnownFileType = file.storyboard; name = Base; path = Base.lproj/Main.storyboard; sourceTree = "<group>"; };
		42ABE9311E5B72E300310E0A /* Assets.xcassets */ = {isa = PBXFileReference; lastKnownFileType = folder.assetcatalog; path = Assets.xcassets; sourceTree = "<group>"; };
		42ABE9341E5B72E300310E0A /* Base */ = {isa = PBXFileReference; lastKnownFileType = file.storyboard; name = Base; path = Base.lproj/LaunchScreen.storyboard; sourceTree = "<group>"; };
		42ABE9361E5B72E300310E0A /* Info.plist */ = {isa = PBXFileReference; lastKnownFileType = text.plist.xml; path = Info.plist; sourceTree = "<group>"; };
/* End PBXFileReference section */

/* Begin PBXFrameworksBuildPhase section */
		42ABE9241E5B72E300310E0A /* Frameworks */ = {
			isa = PBXFrameworksBuildPhase;
			buildActionMask = 2147483647;
			files = (
			);
			runOnlyForDeploymentPostprocessing = 0;
		};
/* End PBXFrameworksBuildPhase section */

/* Begin PBXGroup section */
		42ABE91E1E5B72E300310E0A = {
			isa = PBXGroup;
			children = (
				42ABE9291E5B72E300310E0A /* SnapHomeAnimation */,
				42ABE9281E5B72E300310E0A /* Products */,
			);
			sourceTree = "<group>";
		};
		42ABE9281E5B72E300310E0A /* Products */ = {
			isa = PBXGroup;
			children = (
				42ABE9271E5B72E300310E0A /* SnapHomeAnimation.app */,
			);
			name = Products;
			sourceTree = "<group>";
		};
		42ABE9291E5B72E300310E0A /* SnapHomeAnimation */ = {
			isa = PBXGroup;
			children = (
				42ABE92A1E5B72E300310E0A /* AppDelegate.swift */,
				42ABE92C1E5B72E300310E0A /* ViewController.swift */,
				42ABE92E1E5B72E300310E0A /* Main.storyboard */,
				42ABE9311E5B72E300310E0A /* Assets.xcassets */,
				42ABE9331E5B72E300310E0A /* LaunchScreen.storyboard */,
				42ABE9361E5B72E300310E0A /* Info.plist */,
			);
			path = SnapHomeAnimation;
			sourceTree = "<group>";
		};
/* End PBXGroup section */

/* Begin PBXNativeTarget section */
		42ABE9261E5B72E300310E0A /* SnapHomeAnimation */ = {
			isa = PBXNativeTarget;
			buildConfigurationList = 42ABE9391E5B72E300310E0A /* Build configuration list for PBXNativeTarget "SnapHomeAnimation" */;
			buildPhases = (
				42ABE9231E5B72E300310E0A /* Sources */,
				42ABE9241E5B72E300310E0A /* Frameworks */,
				42ABE9251E5B72E300310E0A /* Resources */,
			);
			buildRules = (
			);
			dependencies = (
			);
			name = SnapHomeAnimation;
			productName = SnapHomeAnimation;
			productReference = 42ABE9271E5B72E300310E0A /* SnapHomeAnimation.app */;
			productType = "com.apple.product-type.application";
		};
/* End PBXNativeTarget section */

/* Begin PBXProject section */
		42ABE91F1E5B72E300310E0A /* Project object */ = {
			isa = PBXProject;
			attributes = {
				LastSwiftUpdateCheck = 0820;
				LastUpgradeCheck = 0820;
				ORGANIZATIONNAME = parry;
				TargetAttributes = {
					42ABE9261E5B72E300310E0A = {
						CreatedOnToolsVersion = 8.2.1;
						ProvisioningStyle = Automatic;
					};
				};
			};
			buildConfigurationList = 42ABE9221E5B72E300310E0A /* Build configuration list for PBXProject "SnapHomeAnimation" */;
			compatibilityVersion = "Xcode 3.2";
			developmentRegion = English;
			hasScannedForEncodings = 0;
			knownRegions = (
				en,
				Base,
			);
			mainGroup = 42ABE91E1E5B72E300310E0A;
			productRefGroup = 42ABE9281E5B72E300310E0A /* Products */;
			projectDirPath = "";
			projectRoot = "";
			targets = (
				42ABE9261E5B72E300310E0A /* SnapHomeAnimation */,
			);
		};
/* End PBXProject section */

/* Begin PBXResourcesBuildPhase section */
		42ABE9251E5B72E300310E0A /* Resources */ = {
			isa = PBXResourcesBuildPhase;
			buildActionMask = 2147483647;
			files = (
				42ABE9351E5B72E300310E0A /* LaunchScreen.storyboard in Resources */,
				42ABE9321E5B72E300310E0A /* Assets.xcassets in Resources */,
				42ABE9301E5B72E300310E0A /* Main.storyboard in Resources */,
			);
			runOnlyForDeploymentPostprocessing = 0;
		};
/* End PBXResourcesBuildPhase section */

/* Begin PBXSourcesBuildPhase section */
		42ABE9231E5B72E300310E0A /* Sources */ = {
			isa = PBXSourcesBuildPhase;
			buildActionMask = 2147483647;
			files = (
				42ABE92D1E5B72E300310E0A /* ViewController.swift in Sources */,
				42ABE92B1E5B72E300310E0A /* AppDelegate.swift in Sources */,
			);
			runOnlyForDeploymentPostprocessing = 0;
		};
/* End PBXSourcesBuildPhase section */

/* Begin PBXVariantGroup section */
		42ABE92E1E5B72E300310E0A /* Main.storyboard */ = {
			isa = PBXVariantGroup;
			children = (
				42ABE92F1E5B72E300310E0A /* Base */,
			);
			name = Main.storyboard;
			sourceTree = "<group>";
		};
		42ABE9331E5B72E300310E0A /* LaunchScreen.storyboard */ = {
			isa = PBXVariantGroup;
			children = (
				42ABE9341E5B72E300310E0A /* Base */,
			);
			name = LaunchScreen.storyboard;
			sourceTree = "<group>";
		};
/* End PBXVariantGroup section */

/* Begin XCBuildConfiguration section */
		42ABE9371E5B72E300310E0A /* Debug */ = {
			isa = XCBuildConfiguration;
			buildSettings = {
				ALWAYS_SEARCH_USER_PATHS = NO;
				CLANG_ANALYZER_NONNULL = YES;
				CLANG_CXX_LANGUAGE_STANDARD = "gnu++0x";
				CLANG_CXX_LIBRARY = "libc++";
				CLANG_ENABLE_MODULES = YES;
				CLANG_ENABLE_OBJC_ARC = YES;
				CLANG_WARN_BOOL_CONVERSION = YES;
				CLANG_WARN_CONSTANT_CONVERSION = YES;
				CLANG_WARN_DIRECT_OBJC_ISA_USAGE = YES_ERROR;
				CLANG_WARN_DOCUMENTATION_COMMENTS = YES;
				CLANG_WARN_EMPTY_BODY = YES;
				CLANG_WARN_ENUM_CONVERSION = YES;
				CLANG_WARN_INFINITE_RECURSION = YES;
				CLANG_WARN_INT_CONVERSION = YES;
				CLANG_WARN_OBJC_ROOT_CLASS = YES_ERROR;
				CLANG_WARN_SUSPICIOUS_MOVE = YES;
				CLANG_WARN_UNREACHABLE_CODE = YES;
				CLANG_WARN__DUPLICATE_METHOD_MATCH = YES;
				"CODE_SIGN_IDENTITY[sdk=iphoneos*]" = "iPhone Developer";
				COPY_PHASE_STRIP = NO;
				DEBUG_INFORMATION_FORMAT = dwarf;
				ENABLE_STRICT_OBJC_MSGSEND = YES;
				ENABLE_TESTABILITY = YES;
				GCC_C_LANGUAGE_STANDARD = gnu99;
				GCC_DYNAMIC_NO_PIC = NO;
				GCC_NO_COMMON_BLOCKS = YES;
				GCC_OPTIMIZATION_LEVEL = 0;
				GCC_PREPROCESSOR_DEFINITIONS = (
					"DEBUG=1",
					"$(inherited)",
				);
				GCC_WARN_64_TO_32_BIT_CONVERSION = YES;
				GCC_WARN_ABOUT_RETURN_TYPE = YES_ERROR;
				GCC_WARN_UNDECLARED_SELECTOR = YES;
				GCC_WARN_UNINITIALIZED_AUTOS = YES_AGGRESSIVE;
				GCC_WARN_UNUSED_FUNCTION = YES;
				GCC_WARN_UNUSED_VARIABLE = YES;
				IPHONEOS_DEPLOYMENT_TARGET = 10.2;
				MTL_ENABLE_DEBUG_INFO = YES;
				ONLY_ACTIVE_ARCH = YES;
				SDKROOT = iphoneos;
				SWIFT_ACTIVE_COMPILATION_CONDITIONS = DEBUG;
				SWIFT_OPTIMIZATION_LEVEL = "-Onone";
				TARGETED_DEVICE_FAMILY = "1,2";
			};
			name = Debug;
		};
		42ABE9381E5B72E300310E0A /* Release */ = {
			isa = XCBuildConfiguration;
			buildSettings = {
				ALWAYS_SEARCH_USER_PATHS = NO;
				CLANG_ANALYZER_NONNULL = YES;
				CLANG_CXX_LANGUAGE_STANDARD = "gnu++0x";
				CLANG_CXX_LIBRARY = "libc++";
				CLANG_ENABLE_MODULES = YES;
				CLANG_ENABLE_OBJC_ARC = YES;
				CLANG_WARN_BOOL_CONVERSION = YES;
				CLANG_WARN_CONSTANT_CONVERSION = YES;
				CLANG_WARN_DIRECT_OBJC_ISA_USAGE = YES_ERROR;
				CLANG_WARN_DOCUMENTATION_COMMENTS = YES;
				CLANG_WARN_EMPTY_BODY = YES;
				CLANG_WARN_ENUM_CONVERSION = YES;
				CLANG_WARN_INFINITE_RECURSION = YES;
				CLANG_WARN_INT_CONVERSION = YES;
				CLANG_WARN_OBJC_ROOT_CLASS = YES_ERROR;
				CLANG_WARN_SUSPICIOUS_MOVE = YES;
				CLANG_WARN_UNREACHABLE_CODE = YES;
				CLANG_WARN__DUPLICATE_METHOD_MATCH = YES;
				"CODE_SIGN_IDENTITY[sdk=iphoneos*]" = "iPhone Developer";
				COPY_PHASE_STRIP = NO;
				DEBUG_INFORMATION_FORMAT = "dwarf-with-dsym";
				ENABLE_NS_ASSERTIONS = NO;
				ENABLE_STRICT_OBJC_MSGSEND = YES;
				GCC_C_LANGUAGE_STANDARD = gnu99;
				GCC_NO_COMMON_BLOCKS = YES;
				GCC_WARN_64_TO_32_BIT_CONVERSION = YES;
				GCC_WARN_ABOUT_RETURN_TYPE = YES_ERROR;
				GCC_WARN_UNDECLARED_SELECTOR = YES;
				GCC_WARN_UNINITIALIZED_AUTOS = YES_AGGRESSIVE;
				GCC_WARN_UNUSED_FUNCTION = YES;
				GCC_WARN_UNUSED_VARIABLE = YES;
				IPHONEOS_DEPLOYMENT_TARGET = 10.2;
				MTL_ENABLE_DEBUG_INFO = NO;
				SDKROOT = iphoneos;
				SWIFT_OPTIMIZATION_LEVEL = "-Owholemodule";
				TARGETED_DEVICE_FAMILY = "1,2";
				VALIDATE_PRODUCT = YES;
			};
			name = Release;
		};
		42ABE93A1E5B72E300310E0A /* Debug */ = {
			isa = XCBuildConfiguration;
			buildSettings = {
				ASSETCATALOG_COMPILER_APPICON_NAME = AppIcon;
				INFOPLIST_FILE = SnapHomeAnimation/Info.plist;
				LD_RUNPATH_SEARCH_PATHS = "$(inherited) @executable_path/Frameworks";
				PRODUCT_BUNDLE_IDENTIFIER = CodePath.SnapHomeAnimation;
				PRODUCT_NAME = "$(TARGET_NAME)";
				SWIFT_VERSION = 3.0;
			};
			name = Debug;
		};
		42ABE93B1E5B72E300310E0A /* Release */ = {
			isa = XCBuildConfiguration;
			buildSettings = {
				ASSETCATALOG_COMPILER_APPICON_NAME = AppIcon;
				INFOPLIST_FILE = SnapHomeAnimation/Info.plist;
				LD_RUNPATH_SEARCH_PATHS = "$(inherited) @executable_path/Frameworks";
				PRODUCT_BUNDLE_IDENTIFIER = CodePath.SnapHomeAnimation;
				PRODUCT_NAME = "$(TARGET_NAME)";
				SWIFT_VERSION = 3.0;
			};
			name = Release;
		};
/* End XCBuildConfiguration section */

/* Begin XCConfigurationList section */
		42ABE9221E5B72E300310E0A /* Build configuration list for PBXProject "SnapHomeAnimation" */ = {
			isa = XCConfigurationList;
			buildConfigurations = (
				42ABE9371E5B72E300310E0A /* Debug */,
				42ABE9381E5B72E300310E0A /* Release */,
			);
			defaultConfigurationIsVisible = 0;
			defaultConfigurationName = Release;
		};
		42ABE9391E5B72E300310E0A /* Build configuration list for PBXNativeTarget "SnapHomeAnimation" */ = {
			isa = XCConfigurationList;
			buildConfigurations = (
				42ABE93A1E5B72E300310E0A /* Debug */,
				42ABE93B1E5B72E300310E0A /* Release */,
			);
			defaultConfigurationIsVisible = 0;
		};
/* End XCConfigurationList section */
	};
	rootObject = 42ABE91F1E5B72E300310E0A /* Project object */;
}
